version = 1
requires-python = ">=3.12"

[[package]]
name = "chardet"
version = "5.2.0"
source = { registry = "https://pypi.org/simple" }
sdist = { url = "https://files.pythonhosted.org/packages/f3/0d/f7b6ab21ec75897ed80c17d79b15951a719226b9fababf1e40ea74d69079/chardet-5.2.0.tar.gz", hash = "sha256:1b3b6ff479a8c414bc3fa2c0852995695c4a026dcd6d0633b2dd092ca39c1cf7", size = 2069618 }
wheels = [
    { url = "https://files.pythonhosted.org/packages/38/6f/f5fbc992a329ee4e0f288c1fe0e2ad9485ed064cac731ed2fe47dcc38cbf/chardet-5.2.0-py3-none-any.whl", hash = "sha256:e1cf59446890a00105fe7b7912492ea04b6e6f06d4b742b2c788469e34c82970", size = 199385 },
]

[[package]]
name = "dataproperty"
version = "1.0.1"
source = { registry = "https://pypi.org/simple" }
dependencies = [
    { name = "mbstrdecoder" },
    { name = "typepy", extra = ["datetime"] },
]
sdist = { url = "https://files.pythonhosted.org/packages/48/e2/31ffb67d2a9ab4ff70b106e08ad01a3e7696f8d409457042d1eb18244f82/DataProperty-1.0.1.tar.gz", hash = "sha256:723e5729fa6e885e127a771a983ee1e0e34bb141aca4ffe1f0bfa7cde34650a4", size = 35340 }
wheels = [
    { url = "https://files.pythonhosted.org/packages/b1/3b/90ebd66ad57c588d6087e86e327436343e9cc60776a9445b79c6e80a022d/DataProperty-1.0.1-py3-none-any.whl", hash = "sha256:0b8b07d4fb6453fcf975b53d35dea41f3cfd69c9d79b5010c3cf224ff0407a7a", size = 27380 },
]

[[package]]
name = "fun-facts"
version = "0.1.0"
source = { editable = "." }
dependencies = [
    { name = "simplesqlite" },
]

[package.metadata]
requires-dist = [{ name = "simplesqlite", specifier = ">=1.5.2" }]

[[package]]
name = "mbstrdecoder"
version = "1.1.3"
source = { registry = "https://pypi.org/simple" }
dependencies = [
    { name = "chardet" },
]
sdist = { url = "https://files.pythonhosted.org/packages/70/8f/dd5d4efbe3f90d2d38c948f0ca5c698e2d6cedc58ead2f5b90272cbcb4fa/mbstrdecoder-1.1.3.tar.gz", hash = "sha256:dcfd2c759322eb44fe193a9e0b1b86c5b87f3ec5ea8e1bb43b3e9ae423f1e8fe", size = 10460 }
wheels = [
    { url = "https://files.pythonhosted.org/packages/c2/0f/726229136022b154895138bb10ba35e8435c4143f614cb5ad4d4e3fc21ec/mbstrdecoder-1.1.3-py3-none-any.whl", hash = "sha256:d66c1ed3f2dc4e7c5d87cd44a75be10bc5af4250f95b38bbaedd7851308ce938", size = 7761 },
]

[[package]]
name = "packaging"
version = "24.1"
source = { registry = "https://pypi.org/simple" }
sdist = { url = "https://files.pythonhosted.org/packages/51/65/50db4dda066951078f0a96cf12f4b9ada6e4b811516bf0262c0f4f7064d4/packaging-24.1.tar.gz", hash = "sha256:026ed72c8ed3fcce5bf8950572258698927fd1dbda10a5e981cdf0ac37f4f002", size = 148788 }
wheels = [
    { url = "https://files.pythonhosted.org/packages/08/aa/cc0199a5f0ad350994d660967a8efb233fe0416e4639146c089643407ce6/packaging-24.1-py3-none-any.whl", hash = "sha256:5b8f2217dbdbd2f7f384c41c628544e6d52f2d0f53c6d0c3ea61aa5d1d7ff124", size = 53985 },
]

[[package]]
name = "pathvalidate"
version = "3.2.0"
source = { registry = "https://pypi.org/simple" }
sdist = { url = "https://files.pythonhosted.org/packages/27/93/e2b086c7aba96c70b5e7ef48251702fb95027638fb5a3e787d2efd65783e/pathvalidate-3.2.0.tar.gz", hash = "sha256:5e8378cf6712bff67fbe7a8307d99fa8c1a0cb28aa477056f8fc374f0dff24ad", size = 31246 }
wheels = [
    { url = "https://files.pythonhosted.org/packages/0c/ab/673cce13ab635fd755d206b18c0a371ef6e28ddbe25fadba9ae6c59f22a5/pathvalidate-3.2.0-py3-none-any.whl", hash = "sha256:cc593caa6299b22b37f228148257997e2fa850eea2daf7e4cc9205cef6908dee", size = 23286 },
]

[[package]]
name = "python-dateutil"
version = "2.9.0.post0"
source = { registry = "https://pypi.org/simple" }
dependencies = [
    { name = "six" },
]
sdist = { url = "https://files.pythonhosted.org/packages/66/c0/0c8b6ad9f17a802ee498c46e004a0eb49bc148f2fd230864601a86dcf6db/python-dateutil-2.9.0.post0.tar.gz", hash = "sha256:37dd54208da7e1cd875388217d5e00ebd4179249f90fb72437e91a35459a0ad3", size = 342432 }
wheels = [
    { url = "https://files.pythonhosted.org/packages/ec/57/56b9bcc3c9c6a792fcbaf139543cee77261f3651ca9da0c93f5c1221264b/python_dateutil-2.9.0.post0-py2.py3-none-any.whl", hash = "sha256:a8b2bc7bffae282281c8140a97d3aa9c14da0b136dfe83f850eea9a5f7470427", size = 229892 },
]

[[package]]
name = "pytz"
version = "2024.1"
source = { registry = "https://pypi.org/simple" }
sdist = { url = "https://files.pythonhosted.org/packages/90/26/9f1f00a5d021fff16dee3de13d43e5e978f3d58928e129c3a62cf7eb9738/pytz-2024.1.tar.gz", hash = "sha256:2a29735ea9c18baf14b448846bde5a48030ed267578472d8955cd0e7443a9812", size = 316214 }
wheels = [
    { url = "https://files.pythonhosted.org/packages/9c/3d/a121f284241f08268b21359bd425f7d4825cffc5ac5cd0e1b3d82ffd2b10/pytz-2024.1-py2.py3-none-any.whl", hash = "sha256:328171f4e3623139da4983451950b28e95ac706e13f3f2630a879749e7a8b319", size = 505474 },
]

[[package]]
name = "simplesqlite"
version = "1.5.2"
source = { registry = "https://pypi.org/simple" }
dependencies = [
    { name = "dataproperty" },
    { name = "mbstrdecoder" },
    { name = "pathvalidate" },
    { name = "sqliteschema" },
    { name = "tabledata" },
    { name = "typepy" },
]
sdist = { url = "https://files.pythonhosted.org/packages/c8/07/92e3291fda6f1bbf6e7ff4721d87566e1615572d9c205ef64398c5d22efe/SimpleSQLite-1.5.2.tar.gz", hash = "sha256:f9a25b9e43d7aa28f551d170a42cfae10139c5c81a1bcb8776f857816ef5ae0f", size = 60949 }
wheels = [
    { url = "https://files.pythonhosted.org/packages/f5/d5/f51ce79a7d07de6d3f684a07cc7554bfa7a0d3f4dbffe258e79e832c364b/SimpleSQLite-1.5.2-py3-none-any.whl", hash = "sha256:f62300ce1e367fd5234a959fa3a32d7c81bdf719204ebc1e70c4f3cd91672dc6", size = 33978 },
]

[[package]]
name = "six"
version = "1.16.0"
source = { registry = "https://pypi.org/simple" }
sdist = { url = "https://files.pythonhosted.org/packages/71/39/171f1c67cd00715f190ba0b100d606d440a28c93c7714febeca8b79af85e/six-1.16.0.tar.gz", hash = "sha256:1e61c37477a1626458e36f7b1d82aa5c9b094fa4802892072e49de9c60c4c926", size = 34041 }
wheels = [
    { url = "https://files.pythonhosted.org/packages/d9/5a/e7c31adbe875f2abbb91bd84cf2dc52d792b5a01506781dbcf25c91daf11/six-1.16.0-py2.py3-none-any.whl", hash = "sha256:8abb2f1d86890a2dfb989f9a77cfcfd3e47c2a354b01111771326f8aa26e0254", size = 11053 },
]

[[package]]
name = "sqliteschema"
version = "2.0.0"
source = { registry = "https://pypi.org/simple" }
dependencies = [
    { name = "mbstrdecoder" },
    { name = "tabledata" },
    { name = "typepy" },
]
sdist = { url = "https://files.pythonhosted.org/packages/29/e7/4482eebf6d8ff7923bb3fd0e9239d3e634f67125cfda3001c88506b939b9/sqliteschema-2.0.0.tar.gz", hash = "sha256:fe6cedddf10de8934ec1ace8319340a2256667e4a1a36f3da4fd1c0956124dc8", size = 20258 }
wheels = [
    { url = "https://files.pythonhosted.org/packages/87/8b/2ca6e8aa73716547f97f9c8d7b4a3b320e904b2afd49ad0f5d304348cdef/sqliteschema-2.0.0-py3-none-any.whl", hash = "sha256:29e0a3e0d5dd8f21e06816850e5d171bfa61155ddabfb2e7422b73215b033714", size = 14330 },
]

[[package]]
name = "tabledata"
version = "1.3.3"
source = { registry = "https://pypi.org/simple" }
dependencies = [
    { name = "dataproperty" },
    { name = "typepy" },
]
sdist = { url = "https://files.pythonhosted.org/packages/48/6a/7f78fbf883f325b70ba9ce5c10d97652f5c371e224940097c2cea9d0f456/tabledata-1.3.3.tar.gz", hash = "sha256:c90daaba9a408e4397934b3ff2f6c06797d5289676420bf520c741ad43e6ff91", size = 16296 }
wheels = [
    { url = "https://files.pythonhosted.org/packages/06/e2/96b10ebc00d20b55967200e3d95c2137d91f58af1af672627683431c9d5c/tabledata-1.3.3-py3-none-any.whl", hash = "sha256:4abad1c996d8607e23b045b44dc0c5f061668f3c37585302c5f6c84c93a89962", size = 11732 },
]

[[package]]
name = "typepy"
version = "1.3.2"
source = { registry = "https://pypi.org/simple" }
dependencies = [
    { name = "mbstrdecoder" },
]
sdist = { url = "https://files.pythonhosted.org/packages/cc/86/9672794fb1c87a17b839666976ed4c8cb779ce05d471bed3166a39a53c4d/typepy-1.3.2.tar.gz", hash = "sha256:b69fd48b9f50cdb3809906eef36b855b3134ff66c8893a4f8580abddb0b39517", size = 24233 }
wheels = [
    { url = "https://files.pythonhosted.org/packages/f1/10/0d6dc654bb4e0eca017bbaf43a315b464c888576a68a2883cd4a74bd1b6b/typepy-1.3.2-py3-none-any.whl", hash = "sha256:d5d1022a424132622993800f1d2cd16cfdb691ac4e3b9c325f0fcb37799db1ae", size = 31428 },
]

[package.optional-dependencies]
datetime = [
    { name = "packaging" },
    { name = "python-dateutil" },
    { name = "pytz" },
]
